// !$*UTF8*$!
{
	archiveVersion = 1;
	classes = {
	};
	objectVersion = 55;
	objects = {

/* Begin PBXBuildFile section */
		49F2CB2B272DA03A00E6BD57 /* AppDelegate.swift in Sources */ = {isa = PBXBuildFile; fileRef = 49F2CB2A272DA03A00E6BD57 /* AppDelegate.swift */; };
		49F2CB2D272DA03A00E6BD57 /* art.scnassets in Resources */ = {isa = PBXBuildFile; fileRef = 49F2CB2C272DA03A00E6BD57 /* art.scnassets */; };
		49F2CB2F272DA03A00E6BD57 /* ViewController.swift in Sources */ = {isa = PBXBuildFile; fileRef = 49F2CB2E272DA03A00E6BD57 /* ViewController.swift */; };
		49F2CB32272DA03A00E6BD57 /* Main.storyboard in Resources */ = {isa = PBXBuildFile; fileRef = 49F2CB30272DA03A00E6BD57 /* Main.storyboard */; };
		49F2CB34272DA03B00E6BD57 /* Assets.xcassets in Resources */ = {isa = PBXBuildFile; fileRef = 49F2CB33272DA03B00E6BD57 /* Assets.xcassets */; };
		49F2CB37272DA03B00E6BD57 /* LaunchScreen.storyboard in Resources */ = {isa = PBXBuildFile; fileRef = 49F2CB35272DA03B00E6BD57 /* LaunchScreen.storyboard */; };
		49F2CB41272DA03B00E6BD57 /* HalloweenItemsTests.swift in Sources */ = {isa = PBXBuildFile; fileRef = 49F2CB40272DA03B00E6BD57 /* HalloweenItemsTests.swift */; };
		49F2CB4B272DA03B00E6BD57 /* HalloweenItemsUITests.swift in Sources */ = {isa = PBXBuildFile; fileRef = 49F2CB4A272DA03B00E6BD57 /* HalloweenItemsUITests.swift */; };
		49F2CB4D272DA03B00E6BD57 /* HalloweenItemsUITestsLaunchTests.swift in Sources */ = {isa = PBXBuildFile; fileRef = 49F2CB4C272DA03B00E6BD57 /* HalloweenItemsUITestsLaunchTests.swift */; };
/* End PBXBuildFile section */

/* Begin PBXContainerItemProxy section */
		49F2CB3D272DA03B00E6BD57 /* PBXContainerItemProxy */ = {
			isa = PBXContainerItemProxy;
			containerPortal = 49F2CB1F272DA03A00E6BD57 /* Project object */;
			proxyType = 1;
			remoteGlobalIDString = 49F2CB26272DA03A00E6BD57;
			remoteInfo = HalloweenItems;
		};
		49F2CB47272DA03B00E6BD57 /* PBXContainerItemProxy */ = {
			isa = PBXContainerItemProxy;
			containerPortal = 49F2CB1F272DA03A00E6BD57 /* Project object */;
			proxyType = 1;
			remoteGlobalIDString = 49F2CB26272DA03A00E6BD57;
			remoteInfo = HalloweenItems;
		};
/* End PBXContainerItemProxy section */

/* Begin PBXFileReference section */
		49F2CB27272DA03A00E6BD57 /* HalloweenItems.app */ = {isa = PBXFileReference; explicitFileType = wrapper.application; includeInIndex = 0; path = HalloweenItems.app; sourceTree = BUILT_PRODUCTS_DIR; };
		49F2CB2A272DA03A00E6BD57 /* AppDelegate.swift */ = {isa = PBXFileReference; lastKnownFileType = sourcecode.swift; path = AppDelegate.swift; sourceTree = "<group>"; };
		49F2CB2C272DA03A00E6BD57 /* art.scnassets */ = {isa = PBXFileReference; lastKnownFileType = wrapper.scnassets; path = art.scnassets; sourceTree = "<group>"; };
		49F2CB2E272DA03A00E6BD57 /* ViewController.swift */ = {isa = PBXFileReference; lastKnownFileType = sourcecode.swift; path = ViewController.swift; sourceTree = "<group>"; };
		49F2CB31272DA03A00E6BD57 /* Base */ = {isa = PBXFileReference; lastKnownFileType = file.storyboard; name = Base; path = Base.lproj/Main.storyboard; sourceTree = "<group>"; };
		49F2CB33272DA03B00E6BD57 /* Assets.xcassets */ = {isa = PBXFileReference; lastKnownFileType = folder.assetcatalog; path = Assets.xcassets; sourceTree = "<group>"; };
		49F2CB36272DA03B00E6BD57 /* Base */ = {isa = PBXFileReference; lastKnownFileType = file.storyboard; name = Base; path = Base.lproj/LaunchScreen.storyboard; sourceTree = "<group>"; };
		49F2CB3C272DA03B00E6BD57 /* HalloweenItemsTests.xctest */ = {isa = PBXFileReference; explicitFileType = wrapper.cfbundle; includeInIndex = 0; path = HalloweenItemsTests.xctest; sourceTree = BUILT_PRODUCTS_DIR; };
		49F2CB40272DA03B00E6BD57 /* HalloweenItemsTests.swift */ = {isa = PBXFileReference; lastKnownFileType = sourcecode.swift; path = HalloweenItemsTests.swift; sourceTree = "<group>"; };
		49F2CB46272DA03B00E6BD57 /* HalloweenItemsUITests.xctest */ = {isa = PBXFileReference; explicitFileType = wrapper.cfbundle; includeInIndex = 0; path = HalloweenItemsUITests.xctest; sourceTree = BUILT_PRODUCTS_DIR; };
		49F2CB4A272DA03B00E6BD57 /* HalloweenItemsUITests.swift */ = {isa = PBXFileReference; lastKnownFileType = sourcecode.swift; path = HalloweenItemsUITests.swift; sourceTree = "<group>"; };
		49F2CB4C272DA03B00E6BD57 /* HalloweenItemsUITestsLaunchTests.swift */ = {isa = PBXFileReference; lastKnownFileType = sourcecode.swift; path = HalloweenItemsUITestsLaunchTests.swift; sourceTree = "<group>"; };
/* End PBXFileReference section */

/* Begin PBXFrameworksBuildPhase section */
		49F2CB24272DA03A00E6BD57 /* Frameworks */ = {
			isa = PBXFrameworksBuildPhase;
			buildActionMask = 2147483647;
			files = (
			);
			runOnlyForDeploymentPostprocessing = 0;
		};
		49F2CB39272DA03B00E6BD57 /* Frameworks */ = {
			isa = PBXFrameworksBuildPhase;
			buildActionMask = 2147483647;
			files = (
			);
			runOnlyForDeploymentPostprocessing = 0;
		};
		49F2CB43272DA03B00E6BD57 /* Frameworks */ = {
			isa = PBXFrameworksBuildPhase;
			buildActionMask = 2147483647;
			files = (
			);
			runOnlyForDeploymentPostprocessing = 0;
		};
/* End PBXFrameworksBuildPhase section */

/* Begin PBXGroup section */
		49F2CB1E272DA03A00E6BD57 = {
			isa = PBXGroup;
			children = (
				49F2CB29272DA03A00E6BD57 /* HalloweenItems */,
				49F2CB3F272DA03B00E6BD57 /* HalloweenItemsTests */,
				49F2CB49272DA03B00E6BD57 /* HalloweenItemsUITests */,
				49F2CB28272DA03A00E6BD57 /* Products */,
			);
			sourceTree = "<group>";
		};
		49F2CB28272DA03A00E6BD57 /* Products */ = {
			isa = PBXGroup;
			children = (
				49F2CB27272DA03A00E6BD57 /* HalloweenItems.app */,
				49F2CB3C272DA03B00E6BD57 /* HalloweenItemsTests.xctest */,
				49F2CB46272DA03B00E6BD57 /* HalloweenItemsUITests.xctest */,
			);
			name = Products;
			sourceTree = "<group>";
		};
		49F2CB29272DA03A00E6BD57 /* HalloweenItems */ = {
			isa = PBXGroup;
			children = (
				49F2CB2A272DA03A00E6BD57 /* AppDelegate.swift */,
				49F2CB2C272DA03A00E6BD57 /* art.scnassets */,
				49F2CB2E272DA03A00E6BD57 /* ViewController.swift */,
				49F2CB30272DA03A00E6BD57 /* Main.storyboard */,
				49F2CB33272DA03B00E6BD57 /* Assets.xcassets */,
				49F2CB35272DA03B00E6BD57 /* LaunchScreen.storyboard */,
			);
			path = HalloweenItems;
			sourceTree = "<group>";
		};
		49F2CB3F272DA03B00E6BD57 /* HalloweenItemsTests */ = {
			isa = PBXGroup;
			children = (
				49F2CB40272DA03B00E6BD57 /* HalloweenItemsTests.swift */,
			);
			path = HalloweenItemsTests;
			sourceTree = "<group>";
		};
		49F2CB49272DA03B00E6BD57 /* HalloweenItemsUITests */ = {
			isa = PBXGroup;
			children = (
				49F2CB4A272DA03B00E6BD57 /* HalloweenItemsUITests.swift */,
				49F2CB4C272DA03B00E6BD57 /* HalloweenItemsUITestsLaunchTests.swift */,
			);
			path = HalloweenItemsUITests;
			sourceTree = "<group>";
		};
/* End PBXGroup section */

/* Begin PBXNativeTarget section */
		49F2CB26272DA03A00E6BD57 /* HalloweenItems */ = {
			isa = PBXNativeTarget;
			buildConfigurationList = 49F2CB50272DA03B00E6BD57 /* Build configuration list for PBXNativeTarget "HalloweenItems" */;
			buildPhases = (
				49F2CB23272DA03A00E6BD57 /* Sources */,
				49F2CB24272DA03A00E6BD57 /* Frameworks */,
				49F2CB25272DA03A00E6BD57 /* Resources */,
			);
			buildRules = (
			);
			dependencies = (
			);
			name = HalloweenItems;
			productName = HalloweenItems;
			productReference = 49F2CB27272DA03A00E6BD57 /* HalloweenItems.app */;
			productType = "com.apple.product-type.application";
		};
		49F2CB3B272DA03B00E6BD57 /* HalloweenItemsTests */ = {
			isa = PBXNativeTarget;
			buildConfigurationList = 49F2CB53272DA03B00E6BD57 /* Build configuration list for PBXNativeTarget "HalloweenItemsTests" */;
			buildPhases = (
				49F2CB38272DA03B00E6BD57 /* Sources */,
				49F2CB39272DA03B00E6BD57 /* Frameworks */,
				49F2CB3A272DA03B00E6BD57 /* Resources */,
			);
			buildRules = (
			);
			dependencies = (
				49F2CB3E272DA03B00E6BD57 /* PBXTargetDependency */,
			);
			name = HalloweenItemsTests;
			productName = HalloweenItemsTests;
			productReference = 49F2CB3C272DA03B00E6BD57 /* HalloweenItemsTests.xctest */;
			productType = "com.apple.product-type.bundle.unit-test";
		};
		49F2CB45272DA03B00E6BD57 /* HalloweenItemsUITests */ = {
			isa = PBXNativeTarget;
			buildConfigurationList = 49F2CB56272DA03B00E6BD57 /* Build configuration list for PBXNativeTarget "HalloweenItemsUITests" */;
			buildPhases = (
				49F2CB42272DA03B00E6BD57 /* Sources */,
				49F2CB43272DA03B00E6BD57 /* Frameworks */,
				49F2CB44272DA03B00E6BD57 /* Resources */,
			);
			buildRules = (
			);
			dependencies = (
				49F2CB48272DA03B00E6BD57 /* PBXTargetDependency */,
			);
			name = HalloweenItemsUITests;
			productName = HalloweenItemsUITests;
			productReference = 49F2CB46272DA03B00E6BD57 /* HalloweenItemsUITests.xctest */;
			productType = "com.apple.product-type.bundle.ui-testing";
		};
/* End PBXNativeTarget section */

/* Begin PBXProject section */
		49F2CB1F272DA03A00E6BD57 /* Project object */ = {
			isa = PBXProject;
			attributes = {
				BuildIndependentTargetsInParallel = 1;
				LastSwiftUpdateCheck = 1310;
				LastUpgradeCheck = 1310;
				TargetAttributes = {
					49F2CB26272DA03A00E6BD57 = {
						CreatedOnToolsVersion = 13.1;
					};
					49F2CB3B272DA03B00E6BD57 = {
						CreatedOnToolsVersion = 13.1;
						TestTargetID = 49F2CB26272DA03A00E6BD57;
					};
					49F2CB45272DA03B00E6BD57 = {
						CreatedOnToolsVersion = 13.1;
						TestTargetID = 49F2CB26272DA03A00E6BD57;
					};
				};
			};
			buildConfigurationList = 49F2CB22272DA03A00E6BD57 /* Build configuration list for PBXProject "HalloweenItems" */;
			compatibilityVersion = "Xcode 13.0";
			developmentRegion = en;
			hasScannedForEncodings = 0;
			knownRegions = (
				en,
				Base,
			);
			mainGroup = 49F2CB1E272DA03A00E6BD57;
			productRefGroup = 49F2CB28272DA03A00E6BD57 /* Products */;
			projectDirPath = "";
			projectRoot = "";
			targets = (
				49F2CB26272DA03A00E6BD57 /* HalloweenItems */,
				49F2CB3B272DA03B00E6BD57 /* HalloweenItemsTests */,
				49F2CB45272DA03B00E6BD57 /* HalloweenItemsUITests */,
			);
		};
/* End PBXProject section */

/* Begin PBXResourcesBuildPhase section */
		49F2CB25272DA03A00E6BD57 /* Resources */ = {
			isa = PBXResourcesBuildPhase;
			buildActionMask = 2147483647;
			files = (
				49F2CB2D272DA03A00E6BD57 /* art.scnassets in Resources */,
				49F2CB37272DA03B00E6BD57 /* LaunchScreen.storyboard in Resources */,
				49F2CB34272DA03B00E6BD57 /* Assets.xcassets in Resources */,
				49F2CB32272DA03A00E6BD57 /* Main.storyboard in Resources */,
			);
			runOnlyForDeploymentPostprocessing = 0;
		};
		49F2CB3A272DA03B00E6BD57 /* Resources */ = {
			isa = PBXResourcesBuildPhase;
			buildActionMask = 2147483647;
			files = (
			);
			runOnlyForDeploymentPostprocessing = 0;
		};
		49F2CB44272DA03B00E6BD57 /* Resources */ = {
			isa = PBXResourcesBuildPhase;
			buildActionMask = 2147483647;
			files = (
			);
			runOnlyForDeploymentPostprocessing = 0;
		};
/* End PBXResourcesBuildPhase section */

/* Begin PBXSourcesBuildPhase section */
		49F2CB23272DA03A00E6BD57 /* Sources */ = {
			isa = PBXSourcesBuildPhase;
			buildActionMask = 2147483647;
			files = (
				49F2CB2F272DA03A00E6BD57 /* ViewController.swift in Sources */,
				49F2CB2B272DA03A00E6BD57 /* AppDelegate.swift in Sources */,
			);
			runOnlyForDeploymentPostprocessing = 0;
		};
		49F2CB38272DA03B00E6BD57 /* Sources */ = {
			isa = PBXSourcesBuildPhase;
			buildActionMask = 2147483647;
			files = (
				49F2CB41272DA03B00E6BD57 /* HalloweenItemsTests.swift in Sources */,
			);
			runOnlyForDeploymentPostprocessing = 0;
		};
		49F2CB42272DA03B00E6BD57 /* Sources */ = {
			isa = PBXSourcesBuildPhase;
			buildActionMask = 2147483647;
			files = (
				49F2CB4B272DA03B00E6BD57 /* HalloweenItemsUITests.swift in Sources */,
				49F2CB4D272DA03B00E6BD57 /* HalloweenItemsUITestsLaunchTests.swift in Sources */,
			);
			runOnlyForDeploymentPostprocessing = 0;
		};
/* End PBXSourcesBuildPhase section */

/* Begin PBXTargetDependency section */
		49F2CB3E272DA03B00E6BD57 /* PBXTargetDependency */ = {
			isa = PBXTargetDependency;
			target = 49F2CB26272DA03A00E6BD57 /* HalloweenItems */;
			targetProxy = 49F2CB3D272DA03B00E6BD57 /* PBXContainerItemProxy */;
		};
		49F2CB48272DA03B00E6BD57 /* PBXTargetDependency */ = {
			isa = PBXTargetDependency;
			target = 49F2CB26272DA03A00E6BD57 /* HalloweenItems */;
			targetProxy = 49F2CB47272DA03B00E6BD57 /* PBXContainerItemProxy */;
		};
/* End PBXTargetDependency section */

/* Begin PBXVariantGroup section */
		49F2CB30272DA03A00E6BD57 /* Main.storyboard */ = {
			isa = PBXVariantGroup;
			children = (
				49F2CB31272DA03A00E6BD57 /* Base */,
			);
			name = Main.storyboard;
			sourceTree = "<group>";
		};
		49F2CB35272DA03B00E6BD57 /* LaunchScreen.storyboard */ = {
			isa = PBXVariantGroup;
			children = (
				49F2CB36272DA03B00E6BD57 /* Base */,
			);
			name = LaunchScreen.storyboard;
			sourceTree = "<group>";
		};
/* End PBXVariantGroup section */

/* Begin XCBuildConfiguration section */
		49F2CB4E272DA03B00E6BD57 /* Debug */ = {
			isa = XCBuildConfiguration;
			buildSettings = {
				ALWAYS_SEARCH_USER_PATHS = NO;
				CLANG_ANALYZER_NONNULL = YES;
				CLANG_ANALYZER_NUMBER_OBJECT_CONVERSION = YES_AGGRESSIVE;
				CLANG_CXX_LANGUAGE_STANDARD = "gnu++17";
				CLANG_CXX_LIBRARY = "libc++";
				CLANG_ENABLE_MODULES = YES;
				CLANG_ENABLE_OBJC_ARC = YES;
				CLANG_ENABLE_OBJC_WEAK = YES;
				CLANG_WARN_BLOCK_CAPTURE_AUTORELEASING = YES;
				CLANG_WARN_BOOL_CONVERSION = YES;
				CLANG_WARN_COMMA = YES;
				CLANG_WARN_CONSTANT_CONVERSION = YES;
				CLANG_WARN_DEPRECATED_OBJC_IMPLEMENTATIONS = YES;
				CLANG_WARN_DIRECT_OBJC_ISA_USAGE = YES_ERROR;
				CLANG_WARN_DOCUMENTATION_COMMENTS = YES;
				CLANG_WARN_EMPTY_BODY = YES;
				CLANG_WARN_ENUM_CONVERSION = YES;
				CLANG_WARN_INFINITE_RECURSION = YES;
				CLANG_WARN_INT_CONVERSION = YES;
				CLANG_WARN_NON_LITERAL_NULL_CONVERSION = YES;
				CLANG_WARN_OBJC_IMPLICIT_RETAIN_SELF = YES;
				CLANG_WARN_OBJC_LITERAL_CONVERSION = YES;
				CLANG_WARN_OBJC_ROOT_CLASS = YES_ERROR;
				CLANG_WARN_QUOTED_INCLUDE_IN_FRAMEWORK_HEADER = YES;
				CLANG_WARN_RANGE_LOOP_ANALYSIS = YES;
				CLANG_WARN_STRICT_PROTOTYPES = YES;
				CLANG_WARN_SUSPICIOUS_MOVE = YES;
				CLANG_WARN_UNGUARDED_AVAILABILITY = YES_AGGRESSIVE;
				CLANG_WARN_UNREACHABLE_CODE = YES;
				CLANG_WARN__DUPLICATE_METHOD_MATCH = YES;
				COPY_PHASE_STRIP = NO;
				DEBUG_INFORMATION_FORMAT = dwarf;
				ENABLE_STRICT_OBJC_MSGSEND = YES;
				ENABLE_TESTABILITY = YES;
				GCC_C_LANGUAGE_STANDARD = gnu11;
				GCC_DYNAMIC_NO_PIC = NO;
				GCC_NO_COMMON_BLOCKS = YES;
				GCC_OPTIMIZATION_LEVEL = 0;
				GCC_PREPROCESSOR_DEFINITIONS = (
					"DEBUG=1",
					"$(inherited)",
				);
				GCC_WARN_64_TO_32_BIT_CONVERSION = YES;
				GCC_WARN_ABOUT_RETURN_TYPE = YES_ERROR;
				GCC_WARN_UNDECLARED_SELECTOR = YES;
				GCC_WARN_UNINITIALIZED_AUTOS = YES_AGGRESSIVE;
				GCC_WARN_UNUSED_FUNCTION = YES;
				GCC_WARN_UNUSED_VARIABLE = YES;
				IPHONEOS_DEPLOYMENT_TARGET = 15.0;
				MTL_ENABLE_DEBUG_INFO = INCLUDE_SOURCE;
				MTL_FAST_MATH = YES;
				ONLY_ACTIVE_ARCH = YES;
				SDKROOT = iphoneos;
				SWIFT_ACTIVE_COMPILATION_CONDITIONS = DEBUG;
				SWIFT_OPTIMIZATION_LEVEL = "-Onone";
			};
			name = Debug;
		};
		49F2CB4F272DA03B00E6BD57 /* Release */ = {
			isa = XCBuildConfiguration;
			buildSettings = {
				ALWAYS_SEARCH_USER_PATHS = NO;
				CLANG_ANALYZER_NONNULL = YES;
				CLANG_ANALYZER_NUMBER_OBJECT_CONVERSION = YES_AGGRESSIVE;
				CLANG_CXX_LANGUAGE_STANDARD = "gnu++17";
				CLANG_CXX_LIBRARY = "libc++";
				CLANG_ENABLE_MODULES = YES;
				CLANG_ENABLE_OBJC_ARC = YES;
				CLANG_ENABLE_OBJC_WEAK = YES;
				CLANG_WARN_BLOCK_CAPTURE_AUTORELEASING = YES;
				CLANG_WARN_BOOL_CONVERSION = YES;
				CLANG_WARN_COMMA = YES;
				CLANG_WARN_CONSTANT_CONVERSION = YES;
				CLANG_WARN_DEPRECATED_OBJC_IMPLEMENTATIONS = YES;
				CLANG_WARN_DIRECT_OBJC_ISA_USAGE = YES_ERROR;
				CLANG_WARN_DOCUMENTATION_COMMENTS = YES;
				CLANG_WARN_EMPTY_BODY = YES;
				CLANG_WARN_ENUM_CONVERSION = YES;
				CLANG_WARN_INFINITE_RECURSION = YES;
				CLANG_WARN_INT_CONVERSION = YES;
				CLANG_WARN_NON_LITERAL_NULL_CONVERSION = YES;
				CLANG_WARN_OBJC_IMPLICIT_RETAIN_SELF = YES;
				CLANG_WARN_OBJC_LITERAL_CONVERSION = YES;
				CLANG_WARN_OBJC_ROOT_CLASS = YES_ERROR;
				CLANG_WARN_QUOTED_INCLUDE_IN_FRAMEWORK_HEADER = YES;
				CLANG_WARN_RANGE_LOOP_ANALYSIS = YES;
				CLANG_WARN_STRICT_PROTOTYPES = YES;
				CLANG_WARN_SUSPICIOUS_MOVE = YES;
				CLANG_WARN_UNGUARDED_AVAILABILITY = YES_AGGRESSIVE;
				CLANG_WARN_UNREACHABLE_CODE = YES;
				CLANG_WARN__DUPLICATE_METHOD_MATCH = YES;
				COPY_PHASE_STRIP = NO;
				DEBUG_INFORMATION_FORMAT = "dwarf-with-dsym";
				ENABLE_NS_ASSERTIONS = NO;
				ENABLE_STRICT_OBJC_MSGSEND = YES;
				GCC_C_LANGUAGE_STANDARD = gnu11;
				GCC_NO_COMMON_BLOCKS = YES;
				GCC_WARN_64_TO_32_BIT_CONVERSION = YES;
				GCC_WARN_ABOUT_RETURN_TYPE = YES_ERROR;
				GCC_WARN_UNDECLARED_SELECTOR = YES;
				GCC_WARN_UNINITIALIZED_AUTOS = YES_AGGRESSIVE;
				GCC_WARN_UNUSED_FUNCTION = YES;
				GCC_WARN_UNUSED_VARIABLE = YES;
				IPHONEOS_DEPLOYMENT_TARGET = 15.0;
				MTL_ENABLE_DEBUG_INFO = NO;
				MTL_FAST_MATH = YES;
				SDKROOT = iphoneos;
				SWIFT_COMPILATION_MODE = wholemodule;
				SWIFT_OPTIMIZATION_LEVEL = "-O";
				VALIDATE_PRODUCT = YES;
			};
			name = Release;
		};
		49F2CB51272DA03B00E6BD57 /* Debug */ = {
			isa = XCBuildConfiguration;
			buildSettings = {
				ASSETCATALOG_COMPILER_APPICON_NAME = AppIcon;
				ASSETCATALOG_COMPILER_GLOBAL_ACCENT_COLOR_NAME = AccentColor;
				CODE_SIGN_STYLE = Automatic;
				CURRENT_PROJECT_VERSION = 1;
				DEVELOPMENT_TEAM = 5CDJ33393D;
				GENERATE_INFOPLIST_FILE = YES;
				INFOPLIST_KEY_NSCameraUsageDescription = "";
				INFOPLIST_KEY_UIApplicationSupportsIndirectInputEvents = YES;
				INFOPLIST_KEY_UILaunchStoryboardName = LaunchScreen;
				INFOPLIST_KEY_UIMainStoryboardFile = Main;
				INFOPLIST_KEY_UIRequiredDeviceCapabilities = arkit;
				INFOPLIST_KEY_UIStatusBarHidden = YES;
				INFOPLIST_KEY_UISupportedInterfaceOrientations_iPad = "UIInterfaceOrientationPortrait UIInterfaceOrientationPortraitUpsideDown UIInterfaceOrientationLandscapeLeft UIInterfaceOrientationLandscapeRight";
				INFOPLIST_KEY_UISupportedInterfaceOrientations_iPhone = "UIInterfaceOrientationPortrait UIInterfaceOrientationLandscapeLeft UIInterfaceOrientationLandscapeRight";
				LD_RUNPATH_SEARCH_PATHS = (
					"$(inherited)",
					"@executable_path/Frameworks",
				);
				MARKETING_VERSION = 1.0;
				PRODUCT_BUNDLE_IDENTIFIER = ie.andrewkealy.www.HalloweenItems;
				PRODUCT_NAME = "$(TARGET_NAME)";
				SWIFT_EMIT_LOC_STRINGS = YES;
				SWIFT_VERSION = 5.0;
				TARGETED_DEVICE_FAMILY = "1,2";
			};
			name = Debug;
		};
		49F2CB52272DA03B00E6BD57 /* Release */ = {
			isa = XCBuildConfiguration;
			buildSettings = {
				ASSETCATALOG_COMPILER_APPICON_NAME = AppIcon;
				ASSETCATALOG_COMPILER_GLOBAL_ACCENT_COLOR_NAME = AccentColor;
				CODE_SIGN_STYLE = Automatic;
				CURRENT_PROJECT_VERSION = 1;
				DEVELOPMENT_TEAM = 5CDJ33393D;
				GENERATE_INFOPLIST_FILE = YES;
				INFOPLIST_KEY_NSCameraUsageDescription = "";
				INFOPLIST_KEY_UIApplicationSupportsIndirectInputEvents = YES;
				INFOPLIST_KEY_UILaunchStoryboardName = LaunchScreen;
				INFOPLIST_KEY_UIMainStoryboardFile = Main;
				INFOPLIST_KEY_UIRequiredDeviceCapabilities = arkit;
				INFOPLIST_KEY_UIStatusBarHidden = YES;
				INFOPLIST_KEY_UISupportedInterfaceOrientations_iPad = "UIInterfaceOrientationPortrait UIInterfaceOrientationPortraitUpsideDown UIInterfaceOrientationLandscapeLeft UIInterfaceOrientationLandscapeRight";
				INFOPLIST_KEY_UISupportedInterfaceOrientations_iPhone = "UIInterfaceOrientationPortrait UIInterfaceOrientationLandscapeLeft UIInterfaceOrientationLandscapeRight";
				LD_RUNPATH_SEARCH_PATHS = (
					"$(inherited)",
					"@executable_path/Frameworks",
				);
				MARKETING_VERSION = 1.0;
				PRODUCT_BUNDLE_IDENTIFIER = ie.andrewkealy.www.HalloweenItems;
				PRODUCT_NAME = "$(TARGET_NAME)";
				SWIFT_EMIT_LOC_STRINGS = YES;
				SWIFT_VERSION = 5.0;
				TARGETED_DEVICE_FAMILY = "1,2";
			};
			name = Release;
		};
		49F2CB54272DA03B00E6BD57 /* Debug */ = {
			isa = XCBuildConfiguration;
			buildSettings = {
				ALWAYS_EMBED_SWIFT_STANDARD_LIBRARIES = YES;
				BUNDLE_LOADER = "$(TEST_HOST)";
				CODE_SIGN_STYLE = Automatic;
				CURRENT_PROJECT_VERSION = 1;
				DEVELOPMENT_TEAM = 5CDJ33393D;
				GENERATE_INFOPLIST_FILE = YES;
				IPHONEOS_DEPLOYMENT_TARGET = 15.0;
				LD_RUNPATH_SEARCH_PATHS = (
					"$(inherited)",
					"@executable_path/Frameworks",
					"@loader_path/Frameworks",
				);
				MARKETING_VERSION = 1.0;
				PRODUCT_BUNDLE_IDENTIFIER = ie.andrewkealy.www.HalloweenItemsTests;
				PRODUCT_NAME = "$(TARGET_NAME)";
				SWIFT_EMIT_LOC_STRINGS = NO;
				SWIFT_VERSION = 5.0;
				TARGETED_DEVICE_FAMILY = "1,2";
				TEST_HOST = "$(BUILT_PRODUCTS_DIR)/HalloweenItems.app/HalloweenItems";
			};
			name = Debug;
		};
		49F2CB55272DA03B00E6BD57 /* Release */ = {
			isa = XCBuildConfiguration;
			buildSettings = {
				ALWAYS_EMBED_SWIFT_STANDARD_LIBRARIES = YES;
				BUNDLE_LOADER = "$(TEST_HOST)";
				CODE_SIGN_STYLE = Automatic;
				CURRENT_PROJECT_VERSION = 1;
				DEVELOPMENT_TEAM = 5CDJ33393D;
				GENERATE_INFOPLIST_FILE = YES;
				IPHONEOS_DEPLOYMENT_TARGET = 15.0;
				LD_RUNPATH_SEARCH_PATHS = (
					"$(inherited)",
					"@executable_path/Frameworks",
					"@loader_path/Frameworks",
				);
				MARKETING_VERSION = 1.0;
				PRODUCT_BUNDLE_IDENTIFIER = ie.andrewkealy.www.HalloweenItemsTests;
				PRODUCT_NAME = "$(TARGET_NAME)";
				SWIFT_EMIT_LOC_STRINGS = NO;
				SWIFT_VERSION = 5.0;
				TARGETED_DEVICE_FAMILY = "1,2";
				TEST_HOST = "$(BUILT_PRODUCTS_DIR)/HalloweenItems.app/HalloweenItems";
			};
			name = Release;
		};
		49F2CB57272DA03B00E6BD57 /* Debug */ = {
			isa = XCBuildConfiguration;
			buildSettings = {
				ALWAYS_EMBED_SWIFT_STANDARD_LIBRARIES = YES;
				CODE_SIGN_STYLE = Automatic;
				CURRENT_PROJECT_VERSION = 1;
				DEVELOPMENT_TEAM = 5CDJ33393D;
				GENERATE_INFOPLIST_FILE = YES;
				LD_RUNPATH_SEARCH_PATHS = (
					"$(inherited)",
					"@executable_path/Frameworks",
					"@loader_path/Frameworks",
				);
				MARKETING_VERSION = 1.0;
				PRODUCT_BUNDLE_IDENTIFIER = ie.andrewkealy.www.HalloweenItemsUITests;
				PRODUCT_NAME = "$(TARGET_NAME)";
				SWIFT_EMIT_LOC_STRINGS = NO;
				SWIFT_VERSION = 5.0;
				TARGETED_DEVICE_FAMILY = "1,2";
				TEST_TARGET_NAME = HalloweenItems;
			};
			name = Debug;
		};
		49F2CB58272DA03B00E6BD57 /* Release */ = {
			isa = XCBuildConfiguration;
			buildSettings = {
				ALWAYS_EMBED_SWIFT_STANDARD_LIBRARIES = YES;
				CODE_SIGN_STYLE = Automatic;
				CURRENT_PROJECT_VERSION = 1;
				DEVELOPMENT_TEAM = 5CDJ33393D;
				GENERATE_INFOPLIST_FILE = YES;
				LD_RUNPATH_SEARCH_PATHS = (
					"$(inherited)",
					"@executable_path/Frameworks",
					"@loader_path/Frameworks",
				);
				MARKETING_VERSION = 1.0;
				PRODUCT_BUNDLE_IDENTIFIER = ie.andrewkealy.www.HalloweenItemsUITests;
				PRODUCT_NAME = "$(TARGET_NAME)";
				SWIFT_EMIT_LOC_STRINGS = NO;
				SWIFT_VERSION = 5.0;
				TARGETED_DEVICE_FAMILY = "1,2";
				TEST_TARGET_NAME = HalloweenItems;
			};
			name = Release;
		};
/* End XCBuildConfiguration section */

/* Begin XCConfigurationList section */
		49F2CB22272DA03A00E6BD57 /* Build configuration list for PBXProject "HalloweenItems" */ = {
			isa = XCConfigurationList;
			buildConfigurations = (
				49F2CB4E272DA03B00E6BD57 /* Debug */,
				49F2CB4F272DA03B00E6BD57 /* Release */,
			);
			defaultConfigurationIsVisible = 0;
			defaultConfigurationName = Release;
		};
		49F2CB50272DA03B00E6BD57 /* Build configuration list for PBXNativeTarget "HalloweenItems" */ = {
			isa = XCConfigurationList;
			buildConfigurations = (
				49F2CB51272DA03B00E6BD57 /* Debug */,
				49F2CB52272DA03B00E6BD57 /* Release */,
			);
			defaultConfigurationIsVisible = 0;
			defaultConfigurationName = Release;
		};
		49F2CB53272DA03B00E6BD57 /* Build configuration list for PBXNativeTarget "HalloweenItemsTests" */ = {
			isa = XCConfigurationList;
			buildConfigurations = (
				49F2CB54272DA03B00E6BD57 /* Debug */,
				49F2CB55272DA03B00E6BD57 /* Release */,
			);
			defaultConfigurationIsVisible = 0;
			defaultConfigurationName = Release;
		};
		49F2CB56272DA03B00E6BD57 /* Build configuration list for PBXNativeTarget "HalloweenItemsUITests" */ = {
			isa = XCConfigurationList;
			buildConfigurations = (
				49F2CB57272DA03B00E6BD57 /* Debug */,
				49F2CB58272DA03B00E6BD57 /* Release */,
			);
			defaultConfigurationIsVisible = 0;
			defaultConfigurationName = Release;
		};
/* End XCConfigurationList section */
	};
	rootObject = 49F2CB1F272DA03A00E6BD57 /* Project object */;
}
